
Microsoft Visual Studio Solution File, Format Version 12.00
# Visual Studio 2013
VisualStudioVersion = 12.0.30723.0
MinimumVisualStudioVersion = 10.0.40219.1
Project("{8BC9CEB8-8B4A-11D0-8D11-00A0C91BC942}") = "C++ Primer", "C++ Primer\C++ Primer.vcxproj", "{B5593A9F-C870-41DF-9AC7-88F60ABE707D}"
EndProject
Project("{8BC9CEB8-8B4A-11D0-8D11-00A0C91BC942}") = "Project Euler", "Project Euler\Project Euler.vcxproj", "{E501F745-233A-4A59-A9DC-8A61513E5389}"
EndProject
Project("{8BC9CEB8-8B4A-11D0-8D11-00A0C91BC942}") = "Data Structures", "Project1\Project1.vcxproj", "{347A4C9F-514C-4EDA-BA5E-ABFACEA9D171}"
EndProject
Project("{8BC9CEB8-8B4A-11D0-8D11-00A0C91BC942}") = "CTCI", "CTCI\CTCI.vcxproj", "{8F0C016F-BC26-4AAC-93F1-73F04D3D50DC}"
EndProject
Global
	GlobalSection(SolutionConfigurationPlatforms) = preSolution
		Debug|Win32 = Debug|Win32
		Release|Win32 = Release|Win32
	EndGlobalSection
	GlobalSection(ProjectConfigurationPlatforms) = postSolution
		{B5593A9F-C870-41DF-9AC7-88F60ABE707D}.Debug|Win32.ActiveCfg = Debug|Win32
		{B5593A9F-C870-41DF-9AC7-88F60ABE707D}.Debug|Win32.Build.0 = Debug|Win32
		{B5593A9F-C870-41DF-9AC7-88F60ABE707D}.Release|Win32.ActiveCfg = Release|Win32
		{B5593A9F-C870-41DF-9AC7-88F60ABE707D}.Release|Win32.Build.0 = Release|Win32
		{E501F745-233A-4A59-A9DC-8A61513E5389}.Debug|Win32.ActiveCfg = Debug|Win32
		{E501F745-233A-4A59-A9DC-8A61513E5389}.Debug|Win32.Build.0 = Debug|Win32
		{E501F745-233A-4A59-A9DC-8A61513E5389}.Release|Win32.ActiveCfg = Release|Win32
		{E501F745-233A-4A59-A9DC-8A61513E5389}.Release|Win32.Build.0 = Release|Win32
		{347A4C9F-514C-4EDA-BA5E-ABFACEA9D171}.Debug|Win32.ActiveCfg = Debug|Win32
		{347A4C9F-514C-4EDA-BA5E-ABFACEA9D171}.Debug|Win32.Build.0 = Debug|Win32
		{347A4C9F-514C-4EDA-BA5E-ABFACEA9D171}.Release|Win32.ActiveCfg = Release|Win32
		{347A4C9F-514C-4EDA-BA5E-ABFACEA9D171}.Release|Win32.Build.0 = Release|Win32
		{8F0C016F-BC26-4AAC-93F1-73F04D3D50DC}.Debug|Win32.ActiveCfg = Debug|Win32
		{8F0C016F-BC26-4AAC-93F1-73F04D3D50DC}.Debug|Win32.Build.0 = Debug|Win32
		{8F0C016F-BC26-4AAC-93F1-73F04D3D50DC}.Release|Win32.ActiveCfg = Release|Win32
		{8F0C016F-BC26-4AAC-93F1-73F04D3D50DC}.Release|Win32.Build.0 = Release|Win32
	EndGlobalSection
	GlobalSection(SolutionProperties) = preSolution
		HideSolutionNode = FALSE
	EndGlobalSection
EndGlobal
